// !$*UTF8*$!
{
	archiveVersion = 1;
	classes = {
	};
	objectVersion = 51;
	objects = {

/* Begin PBXBuildFile section */
		053B33B6235787EE00DF9930 /* EditViewController.swift in Sources */ = {isa = PBXBuildFile; fileRef = 053B33B5235787EE00DF9930 /* EditViewController.swift */; };
		0550E7AA2355139D0041A3D9 /* AppDelegate.swift in Sources */ = {isa = PBXBuildFile; fileRef = 0550E7A92355139D0041A3D9 /* AppDelegate.swift */; };
		0550E7AC2355139D0041A3D9 /* SceneDelegate.swift in Sources */ = {isa = PBXBuildFile; fileRef = 0550E7AB2355139D0041A3D9 /* SceneDelegate.swift */; };
		0550E7B12355139D0041A3D9 /* Main.storyboard in Resources */ = {isa = PBXBuildFile; fileRef = 0550E7AF2355139D0041A3D9 /* Main.storyboard */; };
		0550E7B42355139D0041A3D9 /* focusStart.xcdatamodeld in Sources */ = {isa = PBXBuildFile; fileRef = 0550E7B22355139D0041A3D9 /* focusStart.xcdatamodeld */; };
		0550E7B62355139E0041A3D9 /* Assets.xcassets in Resources */ = {isa = PBXBuildFile; fileRef = 0550E7B52355139E0041A3D9 /* Assets.xcassets */; };
		0550E7B92355139E0041A3D9 /* LaunchScreen.storyboard in Resources */ = {isa = PBXBuildFile; fileRef = 0550E7B72355139E0041A3D9 /* LaunchScreen.storyboard */; };
		0550E7C12355141A0041A3D9 /* TableViewController.swift in Sources */ = {isa = PBXBuildFile; fileRef = 0550E7C02355141A0041A3D9 /* TableViewController.swift */; };
		05667AAD235CD5D800C5DAEB /* Car.swift in Sources */ = {isa = PBXBuildFile; fileRef = 05667AAC235CD5D800C5DAEB /* Car.swift */; };
		05667AAF235CD5ED00C5DAEB /* Model.swift in Sources */ = {isa = PBXBuildFile; fileRef = 05667AAE235CD5ED00C5DAEB /* Model.swift */; };
		057A0F4923D0D5DE0040A94D /* Pods_focusStart.framework in Frameworks */ = {isa = PBXBuildFile; fileRef = 5925F80D28D9FB1731CEF895 /* Pods_focusStart.framework */; };
		05B931B12356309E002E3F29 /* ViewController.swift in Sources */ = {isa = PBXBuildFile; fileRef = 05B931B02356309E002E3F29 /* ViewController.swift */; };
/* End PBXBuildFile section */

/* Begin PBXFileReference section */
		053B33B5235787EE00DF9930 /* EditViewController.swift */ = {isa = PBXFileReference; lastKnownFileType = sourcecode.swift; path = EditViewController.swift; sourceTree = "<group>"; };
		0550E7A62355139D0041A3D9 /* focusStart.app */ = {isa = PBXFileReference; explicitFileType = wrapper.application; includeInIndex = 0; path = focusStart.app; sourceTree = BUILT_PRODUCTS_DIR; };
		0550E7A92355139D0041A3D9 /* AppDelegate.swift */ = {isa = PBXFileReference; lastKnownFileType = sourcecode.swift; path = AppDelegate.swift; sourceTree = "<group>"; };
		0550E7AB2355139D0041A3D9 /* SceneDelegate.swift */ = {isa = PBXFileReference; lastKnownFileType = sourcecode.swift; path = SceneDelegate.swift; sourceTree = "<group>"; };
		0550E7B02355139D0041A3D9 /* Base */ = {isa = PBXFileReference; lastKnownFileType = file.storyboard; name = Base; path = Base.lproj/Main.storyboard; sourceTree = "<group>"; };
		0550E7B32355139D0041A3D9 /* focusStart.xcdatamodel */ = {isa = PBXFileReference; lastKnownFileType = wrapper.xcdatamodel; path = focusStart.xcdatamodel; sourceTree = "<group>"; };
		0550E7B52355139E0041A3D9 /* Assets.xcassets */ = {isa = PBXFileReference; lastKnownFileType = folder.assetcatalog; path = Assets.xcassets; sourceTree = "<group>"; };
		0550E7B82355139E0041A3D9 /* Base */ = {isa = PBXFileReference; lastKnownFileType = file.storyboard; name = Base; path = Base.lproj/LaunchScreen.storyboard; sourceTree = "<group>"; };
		0550E7BA2355139E0041A3D9 /* Info.plist */ = {isa = PBXFileReference; lastKnownFileType = text.plist.xml; path = Info.plist; sourceTree = "<group>"; };
		0550E7C02355141A0041A3D9 /* TableViewController.swift */ = {isa = PBXFileReference; lastKnownFileType = sourcecode.swift; path = TableViewController.swift; sourceTree = "<group>"; };
		0550E7C22355147C0041A3D9 /* Model.swift */ = {isa = PBXFileReference; fileEncoding = 4; lastKnownFileType = sourcecode.swift; name = Model.swift; path = "../../../Focus/automotive-reference-book/ar_book/Model.swift"; sourceTree = "<group>"; };
		0550E7C32355147C0041A3D9 /* Car.swift */ = {isa = PBXFileReference; fileEncoding = 4; lastKnownFileType = sourcecode.swift; name = Car.swift; path = "../../../Focus/automotive-reference-book/ar_book/Car.swift"; sourceTree = "<group>"; };
		05667AAC235CD5D800C5DAEB /* Car.swift */ = {isa = PBXFileReference; lastKnownFileType = sourcecode.swift; name = Car.swift; path = focusStart/Car.swift; sourceTree = "<group>"; };
		05667AAE235CD5ED00C5DAEB /* Model.swift */ = {isa = PBXFileReference; lastKnownFileType = sourcecode.swift; name = Model.swift; path = focusStart/Model.swift; sourceTree = "<group>"; };
		05B931B02356309E002E3F29 /* ViewController.swift */ = {isa = PBXFileReference; lastKnownFileType = sourcecode.swift; path = ViewController.swift; sourceTree = "<group>"; };
		5368CA79D160F789FFCC9E8D /* Pods-focusStart.release.xcconfig */ = {isa = PBXFileReference; includeInIndex = 1; lastKnownFileType = text.xcconfig; name = "Pods-focusStart.release.xcconfig"; path = "Target Support Files/Pods-focusStart/Pods-focusStart.release.xcconfig"; sourceTree = "<group>"; };
		5925F80D28D9FB1731CEF895 /* Pods_focusStart.framework */ = {isa = PBXFileReference; explicitFileType = wrapper.framework; includeInIndex = 0; path = Pods_focusStart.framework; sourceTree = BUILT_PRODUCTS_DIR; };
		E50E0AD35BC59FFCEB675875 /* Pods-focusStart.debug.xcconfig */ = {isa = PBXFileReference; includeInIndex = 1; lastKnownFileType = text.xcconfig; name = "Pods-focusStart.debug.xcconfig"; path = "Target Support Files/Pods-focusStart/Pods-focusStart.debug.xcconfig"; sourceTree = "<group>"; };
/* End PBXFileReference section */

/* Begin PBXFrameworksBuildPhase section */
		0550E7A32355139D0041A3D9 /* Frameworks */ = {
			isa = PBXFrameworksBuildPhase;
			buildActionMask = 2147483647;
			files = (
				057A0F4923D0D5DE0040A94D /* Pods_focusStart.framework in Frameworks */,
			);
			runOnlyForDeploymentPostprocessing = 0;
		};
/* End PBXFrameworksBuildPhase section */

/* Begin PBXGroup section */
		0550E79D2355139D0041A3D9 = {
			isa = PBXGroup;
			children = (
				05667AAE235CD5ED00C5DAEB /* Model.swift */,
				05667AAC235CD5D800C5DAEB /* Car.swift */,
				0550E7A82355139D0041A3D9 /* focusStart */,
				0550E7A72355139D0041A3D9 /* Products */,
				D478E6C0E1E1688133961059 /* Pods */,
				719EE6A1E6D9D9F65BCE3C17 /* Frameworks */,
			);
			sourceTree = "<group>";
		};
		0550E7A72355139D0041A3D9 /* Products */ = {
			isa = PBXGroup;
			children = (
				0550E7A62355139D0041A3D9 /* focusStart.app */,
			);
			name = Products;
			sourceTree = "<group>";
		};
		0550E7A82355139D0041A3D9 /* focusStart */ = {
			isa = PBXGroup;
			children = (
				0550E7A92355139D0041A3D9 /* AppDelegate.swift */,
				0550E7AB2355139D0041A3D9 /* SceneDelegate.swift */,
				0550E7C32355147C0041A3D9 /* Car.swift */,
				0550E7C22355147C0041A3D9 /* Model.swift */,
				0550E7C02355141A0041A3D9 /* TableViewController.swift */,
				0550E7AF2355139D0041A3D9 /* Main.storyboard */,
				053B33B5235787EE00DF9930 /* EditViewController.swift */,
				05B931B02356309E002E3F29 /* ViewController.swift */,
				0550E7B52355139E0041A3D9 /* Assets.xcassets */,
				0550E7B72355139E0041A3D9 /* LaunchScreen.storyboard */,
				0550E7BA2355139E0041A3D9 /* Info.plist */,
				0550E7B22355139D0041A3D9 /* focusStart.xcdatamodeld */,
			);
			path = focusStart;
			sourceTree = "<group>";
		};
		719EE6A1E6D9D9F65BCE3C17 /* Frameworks */ = {
			isa = PBXGroup;
			children = (
				5925F80D28D9FB1731CEF895 /* Pods_focusStart.framework */,
			);
			name = Frameworks;
			sourceTree = "<group>";
		};
		D478E6C0E1E1688133961059 /* Pods */ = {
			isa = PBXGroup;
			children = (
				E50E0AD35BC59FFCEB675875 /* Pods-focusStart.debug.xcconfig */,
				5368CA79D160F789FFCC9E8D /* Pods-focusStart.release.xcconfig */,
			);
			path = Pods;
			sourceTree = "<group>";
		};
/* End PBXGroup section */

/* Begin PBXNativeTarget section */
		0550E7A52355139D0041A3D9 /* focusStart */ = {
			isa = PBXNativeTarget;
			buildConfigurationList = 0550E7BD2355139E0041A3D9 /* Build configuration list for PBXNativeTarget "focusStart" */;
			buildPhases = (
				D545072E60A6A1BCEFD96D18 /* [CP] Check Pods Manifest.lock */,
				0550E7A22355139D0041A3D9 /* Sources */,
				0550E7A32355139D0041A3D9 /* Frameworks */,
				0550E7A42355139D0041A3D9 /* Resources */,
				90FD4C761E2CE7E999CCE603 /* [CP] Embed Pods Frameworks */,
			);
			buildRules = (
			);
			dependencies = (
			);
			name = focusStart;
			productName = focusStart;
			productReference = 0550E7A62355139D0041A3D9 /* focusStart.app */;
			productType = "com.apple.product-type.application";
		};
/* End PBXNativeTarget section */

/* Begin PBXProject section */
		0550E79E2355139D0041A3D9 /* Project object */ = {
			isa = PBXProject;
			attributes = {
				LastSwiftUpdateCheck = 1110;
				LastUpgradeCheck = 1110;
				ORGANIZATIONNAME = "Mikhail Sergeev";
				TargetAttributes = {
					0550E7A52355139D0041A3D9 = {
						CreatedOnToolsVersion = 11.1;
						LastSwiftMigration = 1110;
					};
				};
			};
			buildConfigurationList = 0550E7A12355139D0041A3D9 /* Build configuration list for PBXProject "focusStart" */;
			compatibilityVersion = "Xcode 9.3";
			developmentRegion = en;
			hasScannedForEncodings = 0;
			knownRegions = (
				en,
				Base,
			);
			mainGroup = 0550E79D2355139D0041A3D9;
			productRefGroup = 0550E7A72355139D0041A3D9 /* Products */;
			projectDirPath = "";
			projectRoot = "";
			targets = (
				0550E7A52355139D0041A3D9 /* focusStart */,
			);
		};
/* End PBXProject section */

/* Begin PBXResourcesBuildPhase section */
		0550E7A42355139D0041A3D9 /* Resources */ = {
			isa = PBXResourcesBuildPhase;
			buildActionMask = 2147483647;
			files = (
				0550E7B92355139E0041A3D9 /* LaunchScreen.storyboard in Resources */,
				0550E7B62355139E0041A3D9 /* Assets.xcassets in Resources */,
				0550E7B12355139D0041A3D9 /* Main.storyboard in Resources */,
			);
			runOnlyForDeploymentPostprocessing = 0;
		};
/* End PBXResourcesBuildPhase section */

/* Begin PBXShellScriptBuildPhase section */
		90FD4C761E2CE7E999CCE603 /* [CP] Embed Pods Frameworks */ = {
			isa = PBXShellScriptBuildPhase;
			buildActionMask = 2147483647;
			files = (
			);
			inputFileListPaths = (
				"${PODS_ROOT}/Target Support Files/Pods-focusStart/Pods-focusStart-frameworks-${CONFIGURATION}-input-files.xcfilelist",
			);
			name = "[CP] Embed Pods Frameworks";
			outputFileListPaths = (
				"${PODS_ROOT}/Target Support Files/Pods-focusStart/Pods-focusStart-frameworks-${CONFIGURATION}-output-files.xcfilelist",
			);
			runOnlyForDeploymentPostprocessing = 0;
			shellPath = /bin/sh;
			shellScript = "\"${PODS_ROOT}/Target Support Files/Pods-focusStart/Pods-focusStart-frameworks.sh\"\n";
			showEnvVarsInLog = 0;
		};
		D545072E60A6A1BCEFD96D18 /* [CP] Check Pods Manifest.lock */ = {
			isa = PBXShellScriptBuildPhase;
			buildActionMask = 2147483647;
			files = (
			);
			inputFileListPaths = (
			);
			inputPaths = (
				"${PODS_PODFILE_DIR_PATH}/Podfile.lock",
				"${PODS_ROOT}/Manifest.lock",
			);
			name = "[CP] Check Pods Manifest.lock";
			outputFileListPaths = (
			);
			outputPaths = (
				"$(DERIVED_FILE_DIR)/Pods-focusStart-checkManifestLockResult.txt",
			);
			runOnlyForDeploymentPostprocessing = 0;
			shellPath = /bin/sh;
			shellScript = "diff \"${PODS_PODFILE_DIR_PATH}/Podfile.lock\" \"${PODS_ROOT}/Manifest.lock\" > /dev/null\nif [ $? != 0 ] ; then\n    # print error to STDERR\n    echo \"error: The sandbox is not in sync with the Podfile.lock. Run 'pod install' or update your CocoaPods installation.\" >&2\n    exit 1\nfi\n# This output is used by Xcode 'outputs' to avoid re-running this script phase.\necho \"SUCCESS\" > \"${SCRIPT_OUTPUT_FILE_0}\"\n";
			showEnvVarsInLog = 0;
		};
/* End PBXShellScriptBuildPhase section */

/* Begin PBXSourcesBuildPhase section */
		0550E7A22355139D0041A3D9 /* Sources */ = {
			isa = PBXSourcesBuildPhase;
			buildActionMask = 2147483647;
			files = (
				05667AAF235CD5ED00C5DAEB /* Model.swift in Sources */,
				05667AAD235CD5D800C5DAEB /* Car.swift in Sources */,
				053B33B6235787EE00DF9930 /* EditViewController.swift in Sources */,
				0550E7B42355139D0041A3D9 /* focusStart.xcdatamodeld in Sources */,
				0550E7AA2355139D0041A3D9 /* AppDelegate.swift in Sources */,
				0550E7C12355141A0041A3D9 /* TableViewController.swift in Sources */,
				05B931B12356309E002E3F29 /* ViewController.swift in Sources */,
				0550E7AC2355139D0041A3D9 /* SceneDelegate.swift in Sources */,
			);
			runOnlyForDeploymentPostprocessing = 0;
		};
/* End PBXSourcesBuildPhase section */

/* Begin PBXVariantGroup section */
		0550E7AF2355139D0041A3D9 /* Main.storyboard */ = {
			isa = PBXVariantGroup;
			children = (
				0550E7B02355139D0041A3D9 /* Base */,
			);
			name = Main.storyboard;
			sourceTree = "<group>";
		};
		0550E7B72355139E0041A3D9 /* LaunchScreen.storyboard */ = {
			isa = PBXVariantGroup;
			children = (
				0550E7B82355139E0041A3D9 /* Base */,
			);
			name = LaunchScreen.storyboard;
			sourceTree = "<group>";
		};
/* End PBXVariantGroup section */

/* Begin XCBuildConfiguration section */
		0550E7BB2355139E0041A3D9 /* Debug */ = {
			isa = XCBuildConfiguration;
			buildSettings = {
				ALWAYS_SEARCH_USER_PATHS = NO;
				CLANG_ANALYZER_NONNULL = YES;
				CLANG_ANALYZER_NUMBER_OBJECT_CONVERSION = YES_AGGRESSIVE;
				CLANG_CXX_LANGUAGE_STANDARD = "gnu++14";
				CLANG_CXX_LIBRARY = "libc++";
				CLANG_ENABLE_MODULES = YES;
				CLANG_ENABLE_OBJC_ARC = YES;
				CLANG_ENABLE_OBJC_WEAK = YES;
				CLANG_WARN_BLOCK_CAPTURE_AUTORELEASING = YES;
				CLANG_WARN_BOOL_CONVERSION = YES;
				CLANG_WARN_COMMA = YES;
				CLANG_WARN_CONSTANT_CONVERSION = YES;
				CLANG_WARN_DEPRECATED_OBJC_IMPLEMENTATIONS = YES;
				CLANG_WARN_DIRECT_OBJC_ISA_USAGE = YES_ERROR;
				CLANG_WARN_DOCUMENTATION_COMMENTS = YES;
				CLANG_WARN_EMPTY_BODY = YES;
				CLANG_WARN_ENUM_CONVERSION = YES;
				CLANG_WARN_INFINITE_RECURSION = YES;
				CLANG_WARN_INT_CONVERSION = YES;
				CLANG_WARN_NON_LITERAL_NULL_CONVERSION = YES;
				CLANG_WARN_OBJC_IMPLICIT_RETAIN_SELF = YES;
				CLANG_WARN_OBJC_LITERAL_CONVERSION = YES;
				CLANG_WARN_OBJC_ROOT_CLASS = YES_ERROR;
				CLANG_WARN_RANGE_LOOP_ANALYSIS = YES;
				CLANG_WARN_STRICT_PROTOTYPES = YES;
				CLANG_WARN_SUSPICIOUS_MOVE = YES;
				CLANG_WARN_UNGUARDED_AVAILABILITY = YES_AGGRESSIVE;
				CLANG_WARN_UNREACHABLE_CODE = YES;
				CLANG_WARN__DUPLICATE_METHOD_MATCH = YES;
				COPY_PHASE_STRIP = NO;
				DEBUG_INFORMATION_FORMAT = dwarf;
				ENABLE_STRICT_OBJC_MSGSEND = YES;
				ENABLE_TESTABILITY = YES;
				GCC_C_LANGUAGE_STANDARD = gnu11;
				GCC_DYNAMIC_NO_PIC = NO;
				GCC_NO_COMMON_BLOCKS = YES;
				GCC_OPTIMIZATION_LEVEL = 0;
				GCC_PREPROCESSOR_DEFINITIONS = (
					"DEBUG=1",
					"$(inherited)",
				);
				GCC_WARN_64_TO_32_BIT_CONVERSION = YES;
				GCC_WARN_ABOUT_RETURN_TYPE = YES_ERROR;
				GCC_WARN_UNDECLARED_SELECTOR = YES;
				GCC_WARN_UNINITIALIZED_AUTOS = YES_AGGRESSIVE;
				GCC_WARN_UNUSED_FUNCTION = YES;
				GCC_WARN_UNUSED_VARIABLE = YES;
				IPHONEOS_DEPLOYMENT_TARGET = 13.1;
				MTL_ENABLE_DEBUG_INFO = INCLUDE_SOURCE;
				MTL_FAST_MATH = YES;
				ONLY_ACTIVE_ARCH = YES;
				SDKROOT = iphoneos;
				SWIFT_ACTIVE_COMPILATION_CONDITIONS = DEBUG;
				SWIFT_OPTIMIZATION_LEVEL = "-Onone";
			};
			name = Debug;
		};
		0550E7BC2355139E0041A3D9 /* Release */ = {
			isa = XCBuildConfiguration;
			buildSettings = {
				ALWAYS_SEARCH_USER_PATHS = NO;
				CLANG_ANALYZER_NONNULL = YES;
				CLANG_ANALYZER_NUMBER_OBJECT_CONVERSION = YES_AGGRESSIVE;
				CLANG_CXX_LANGUAGE_STANDARD = "gnu++14";
				CLANG_CXX_LIBRARY = "libc++";
				CLANG_ENABLE_MODULES = YES;
				CLANG_ENABLE_OBJC_ARC = YES;
				CLANG_ENABLE_OBJC_WEAK = YES;
				CLANG_WARN_BLOCK_CAPTURE_AUTORELEASING = YES;
				CLANG_WARN_BOOL_CONVERSION = YES;
				CLANG_WARN_COMMA = YES;
				CLANG_WARN_CONSTANT_CONVERSION = YES;
				CLANG_WARN_DEPRECATED_OBJC_IMPLEMENTATIONS = YES;
				CLANG_WARN_DIRECT_OBJC_ISA_USAGE = YES_ERROR;
				CLANG_WARN_DOCUMENTATION_COMMENTS = YES;
				CLANG_WARN_EMPTY_BODY = YES;
				CLANG_WARN_ENUM_CONVERSION = YES;
				CLANG_WARN_INFINITE_RECURSION = YES;
				CLANG_WARN_INT_CONVERSION = YES;
				CLANG_WARN_NON_LITERAL_NULL_CONVERSION = YES;
				CLANG_WARN_OBJC_IMPLICIT_RETAIN_SELF = YES;
				CLANG_WARN_OBJC_LITERAL_CONVERSION = YES;
				CLANG_WARN_OBJC_ROOT_CLASS = YES_ERROR;
				CLANG_WARN_RANGE_LOOP_ANALYSIS = YES;
				CLANG_WARN_STRICT_PROTOTYPES = YES;
				CLANG_WARN_SUSPICIOUS_MOVE = YES;
				CLANG_WARN_UNGUARDED_AVAILABILITY = YES_AGGRESSIVE;
				CLANG_WARN_UNREACHABLE_CODE = YES;
				CLANG_WARN__DUPLICATE_METHOD_MATCH = YES;
				COPY_PHASE_STRIP = NO;
				DEBUG_INFORMATION_FORMAT = "dwarf-with-dsym";
				ENABLE_NS_ASSERTIONS = NO;
				ENABLE_STRICT_OBJC_MSGSEND = YES;
				GCC_C_LANGUAGE_STANDARD = gnu11;
				GCC_NO_COMMON_BLOCKS = YES;
				GCC_WARN_64_TO_32_BIT_CONVERSION = YES;
				GCC_WARN_ABOUT_RETURN_TYPE = YES_ERROR;
				GCC_WARN_UNDECLARED_SELECTOR = YES;
				GCC_WARN_UNINITIALIZED_AUTOS = YES_AGGRESSIVE;
				GCC_WARN_UNUSED_FUNCTION = YES;
				GCC_WARN_UNUSED_VARIABLE = YES;
				IPHONEOS_DEPLOYMENT_TARGET = 13.1;
				MTL_ENABLE_DEBUG_INFO = NO;
				MTL_FAST_MATH = YES;
				SDKROOT = iphoneos;
				SWIFT_COMPILATION_MODE = wholemodule;
				SWIFT_OPTIMIZATION_LEVEL = "-O";
				VALIDATE_PRODUCT = YES;
			};
			name = Release;
		};
		0550E7BE2355139E0041A3D9 /* Debug */ = {
			isa = XCBuildConfiguration;
			baseConfigurationReference = E50E0AD35BC59FFCEB675875 /* Pods-focusStart.debug.xcconfig */;
			buildSettings = {
				ASSETCATALOG_COMPILER_APPICON_NAME = AppIcon;
				CODE_SIGN_STYLE = Automatic;
				DEVELOPMENT_TEAM = CGC55CVGYA;
				INFOPLIST_FILE = focusStart/Info.plist;
				IPHONEOS_DEPLOYMENT_TARGET = 13.0;
				LD_RUNPATH_SEARCH_PATHS = (
					"$(inherited)",
					"@executable_path/Frameworks",
				);
				PRODUCT_BUNDLE_IDENTIFIER = michisergeev.focusStart;
				PRODUCT_NAME = "$(TARGET_NAME)";
				SWIFT_VERSION = 5.0;
				TARGETED_DEVICE_FAMILY = 1;
			};
			name = Debug;
		};
		0550E7BF2355139E0041A3D9 /* Release */ = {
			isa = XCBuildConfiguration;
			baseConfigurationReference = 5368CA79D160F789FFCC9E8D /* Pods-focusStart.release.xcconfig */;
			buildSettings = {
				ASSETCATALOG_COMPILER_APPICON_NAME = AppIcon;
				CODE_SIGN_STYLE = Automatic;
				DEVELOPMENT_TEAM = CGC55CVGYA;
				INFOPLIST_FILE = focusStart/Info.plist;
				IPHONEOS_DEPLOYMENT_TARGET = 13.0;
				LD_RUNPATH_SEARCH_PATHS = (
					"$(inherited)",
					"@executable_path/Frameworks",
				);
				PRODUCT_BUNDLE_IDENTIFIER = michisergeev.focusStart;
				PRODUCT_NAME = "$(TARGET_NAME)";
				SWIFT_VERSION = 5.0;
				TARGETED_DEVICE_FAMILY = 1;
			};
			name = Release;
		};
/* End XCBuildConfiguration section */

/* Begin XCConfigurationList section */
		0550E7A12355139D0041A3D9 /* Build configuration list for PBXProject "focusStart" */ = {
			isa = XCConfigurationList;
			buildConfigurations = (
				0550E7BB2355139E0041A3D9 /* Debug */,
				0550E7BC2355139E0041A3D9 /* Release */,
			);
			defaultConfigurationIsVisible = 0;
			defaultConfigurationName = Release;
		};
		0550E7BD2355139E0041A3D9 /* Build configuration list for PBXNativeTarget "focusStart" */ = {
			isa = XCConfigurationList;
			buildConfigurations = (
				0550E7BE2355139E0041A3D9 /* Debug */,
				0550E7BF2355139E0041A3D9 /* Release */,
			);
			defaultConfigurationIsVisible = 0;
			defaultConfigurationName = Release;
		};
/* End XCConfigurationList section */

/* Begin XCVersionGroup section */
		0550E7B22355139D0041A3D9 /* focusStart.xcdatamodeld */ = {
			isa = XCVersionGroup;
			children = (
				0550E7B32355139D0041A3D9 /* focusStart.xcdatamodel */,
			);
			currentVersion = 0550E7B32355139D0041A3D9 /* focusStart.xcdatamodel */;
			path = focusStart.xcdatamodeld;
			sourceTree = "<group>";
			versionGroupType = wrapper.xcdatamodel;
		};
/* End XCVersionGroup section */
	};
	rootObject = 0550E79E2355139D0041A3D9 /* Project object */;
}
